
Microsoft Visual Studio Solution File, Format Version 12.00
# Visual Studio Version 16
VisualStudioVersion = 16.0.32228.343
MinimumVisualStudioVersion = 10.0.40219.1
Project("{FAE04EC0-301F-11D3-BF4B-00C04F79EFBC}") = "ModexEdu", "ModexEdu\ModexEdu.csproj", "{028A8B3A-9536-4D5D-A620-A93FCB9788F1}"
EndProject
Global
	GlobalSection(SolutionConfigurationPlatforms) = preSolution
		Debug|Any CPU = Debug|Any CPU
		Release|Any CPU = Release|Any CPU
	EndGlobalSection
	GlobalSection(ProjectConfigurationPlatforms) = postSolution
		{028A8B3A-9536-4D5D-A620-A93FCB9788F1}.Debug|Any CPU.ActiveCfg = Debug|Any CPU
		{028A8B3A-9536-4D5D-A620-A93FCB9788F1}.Debug|Any CPU.Build.0 = Debug|Any CPU
		{028A8B3A-9536-4D5D-A620-A93FCB9788F1}.Release|Any CPU.ActiveCfg = Release|Any CPU
		{028A8B3A-9536-4D5D-A620-A93FCB9788F1}.Release|Any CPU.Build.0 = Release|Any CPU
	EndGlobalSection
	GlobalSection(SolutionProperties) = preSolution
		HideSolutionNode = FALSE
	EndGlobalSection
	GlobalSection(ExtensibilityGlobals) = postSolution
		SolutionGuid = {C764466C-1018-42F8-82C6-29CAEDEA36B1}
	EndGlobalSection
EndGlobal
